// !$*UTF8*$!
{
	archiveVersion = 1;
	classes = {
	};
	objectVersion = 46;
	objects = {

/* Begin PBXBuildFile section */
		4210144C1C36E3B400ED3D2D /* 10.png in Resources */ = {isa = PBXBuildFile; fileRef = 4210144B1C36E3B400ED3D2D /* 10.png */; };
		42FF3E411C33775600045F36 /* main.m in Sources */ = {isa = PBXBuildFile; fileRef = 42FF3E401C33775600045F36 /* main.m */; };
		42FF3E441C33775600045F36 /* AppDelegate.m in Sources */ = {isa = PBXBuildFile; fileRef = 42FF3E431C33775600045F36 /* AppDelegate.m */; };
		42FF3E4C1C33775600045F36 /* Assets.xcassets in Resources */ = {isa = PBXBuildFile; fileRef = 42FF3E4B1C33775600045F36 /* Assets.xcassets */; };
		42FF3E4F1C33775600045F36 /* LaunchScreen.storyboard in Resources */ = {isa = PBXBuildFile; fileRef = 42FF3E4D1C33775600045F36 /* LaunchScreen.storyboard */; };
		42FF3E591C33777400045F36 /* MainViewController.m in Sources */ = {isa = PBXBuildFile; fileRef = 42FF3E571C33777400045F36 /* MainViewController.m */; };
		42FF3E5A1C33777400045F36 /* MainViewController.xib in Resources */ = {isa = PBXBuildFile; fileRef = 42FF3E581C33777400045F36 /* MainViewController.xib */; };
		42FF3E5D1C3377DA00045F36 /* UIView+GJRatioAutoLayout.m in Sources */ = {isa = PBXBuildFile; fileRef = 42FF3E5C1C3377DA00045F36 /* UIView+GJRatioAutoLayout.m */; };
		42FF3E631C33780E00045F36 /* UILabel+GJRatioAutoLayout.m in Sources */ = {isa = PBXBuildFile; fileRef = 42FF3E621C33780E00045F36 /* UILabel+GJRatioAutoLayout.m */; };
/* End PBXBuildFile section */

/* Begin PBXFileReference section */
		4210144B1C36E3B400ED3D2D /* 10.png */ = {isa = PBXFileReference; lastKnownFileType = image.png; path = 10.png; sourceTree = "<group>"; };
		42FF3E3C1C33775600045F36 /* GJRatioAutoLayout.app */ = {isa = PBXFileReference; explicitFileType = wrapper.application; includeInIndex = 0; path = GJRatioAutoLayout.app; sourceTree = BUILT_PRODUCTS_DIR; };
		42FF3E401C33775600045F36 /* main.m */ = {isa = PBXFileReference; lastKnownFileType = sourcecode.c.objc; path = main.m; sourceTree = "<group>"; };
		42FF3E421C33775600045F36 /* AppDelegate.h */ = {isa = PBXFileReference; lastKnownFileType = sourcecode.c.h; path = AppDelegate.h; sourceTree = "<group>"; };
		42FF3E431C33775600045F36 /* AppDelegate.m */ = {isa = PBXFileReference; lastKnownFileType = sourcecode.c.objc; path = AppDelegate.m; sourceTree = "<group>"; };
		42FF3E4B1C33775600045F36 /* Assets.xcassets */ = {isa = PBXFileReference; lastKnownFileType = folder.assetcatalog; path = Assets.xcassets; sourceTree = "<group>"; };
		42FF3E4E1C33775600045F36 /* Base */ = {isa = PBXFileReference; lastKnownFileType = file.storyboard; name = Base; path = Base.lproj/LaunchScreen.storyboard; sourceTree = "<group>"; };
		42FF3E501C33775600045F36 /* Info.plist */ = {isa = PBXFileReference; lastKnownFileType = text.plist.xml; path = Info.plist; sourceTree = "<group>"; };
		42FF3E561C33777400045F36 /* MainViewController.h */ = {isa = PBXFileReference; fileEncoding = 4; lastKnownFileType = sourcecode.c.h; path = MainViewController.h; sourceTree = "<group>"; };
		42FF3E571C33777400045F36 /* MainViewController.m */ = {isa = PBXFileReference; fileEncoding = 4; lastKnownFileType = sourcecode.c.objc; path = MainViewController.m; sourceTree = "<group>"; };
		42FF3E581C33777400045F36 /* MainViewController.xib */ = {isa = PBXFileReference; fileEncoding = 4; lastKnownFileType = file.xib; path = MainViewController.xib; sourceTree = "<group>"; };
		42FF3E5B1C3377DA00045F36 /* UIView+GJRatioAutoLayout.h */ = {isa = PBXFileReference; fileEncoding = 4; lastKnownFileType = sourcecode.c.h; path = "UIView+GJRatioAutoLayout.h"; sourceTree = "<group>"; };
		42FF3E5C1C3377DA00045F36 /* UIView+GJRatioAutoLayout.m */ = {isa = PBXFileReference; fileEncoding = 4; lastKnownFileType = sourcecode.c.objc; path = "UIView+GJRatioAutoLayout.m"; sourceTree = "<group>"; };
		42FF3E611C33780E00045F36 /* UILabel+GJRatioAutoLayout.h */ = {isa = PBXFileReference; fileEncoding = 4; lastKnownFileType = sourcecode.c.h; path = "UILabel+GJRatioAutoLayout.h"; sourceTree = "<group>"; };
		42FF3E621C33780E00045F36 /* UILabel+GJRatioAutoLayout.m */ = {isa = PBXFileReference; fileEncoding = 4; lastKnownFileType = sourcecode.c.objc; path = "UILabel+GJRatioAutoLayout.m"; sourceTree = "<group>"; };
		42FF3E641C3385BC00045F36 /* GJRatioAutoLaoutDefine.h */ = {isa = PBXFileReference; lastKnownFileType = sourcecode.c.h; path = GJRatioAutoLaoutDefine.h; sourceTree = "<group>"; };
/* End PBXFileReference section */

/* Begin PBXFrameworksBuildPhase section */
		42FF3E391C33775600045F36 /* Frameworks */ = {
			isa = PBXFrameworksBuildPhase;
			buildActionMask = 2147483647;
			files = (
			);
			runOnlyForDeploymentPostprocessing = 0;
		};
/* End PBXFrameworksBuildPhase section */

/* Begin PBXGroup section */
		42FF3E331C33775600045F36 = {
			isa = PBXGroup;
			children = (
				42FF3E3E1C33775600045F36 /* GJRatioAutoLayout */,
				42FF3E3D1C33775600045F36 /* Products */,
			);
			sourceTree = "<group>";
		};
		42FF3E3D1C33775600045F36 /* Products */ = {
			isa = PBXGroup;
			children = (
				42FF3E3C1C33775600045F36 /* GJRatioAutoLayout.app */,
			);
			name = Products;
			sourceTree = "<group>";
		};
		42FF3E3E1C33775600045F36 /* GJRatioAutoLayout */ = {
			isa = PBXGroup;
			children = (
				42FF3E421C33775600045F36 /* AppDelegate.h */,
				42FF3E431C33775600045F36 /* AppDelegate.m */,
				42FF3E641C3385BC00045F36 /* GJRatioAutoLaoutDefine.h */,
				42FF3E5B1C3377DA00045F36 /* UIView+GJRatioAutoLayout.h */,
				42FF3E5C1C3377DA00045F36 /* UIView+GJRatioAutoLayout.m */,
				42FF3E611C33780E00045F36 /* UILabel+GJRatioAutoLayout.h */,
				42FF3E621C33780E00045F36 /* UILabel+GJRatioAutoLayout.m */,
				42FF3E561C33777400045F36 /* MainViewController.h */,
				42FF3E571C33777400045F36 /* MainViewController.m */,
				42FF3E581C33777400045F36 /* MainViewController.xib */,
				4210144B1C36E3B400ED3D2D /* 10.png */,
				42FF3E4B1C33775600045F36 /* Assets.xcassets */,
				42FF3E4D1C33775600045F36 /* LaunchScreen.storyboard */,
				42FF3E501C33775600045F36 /* Info.plist */,
				42FF3E3F1C33775600045F36 /* Supporting Files */,
			);
			path = GJRatioAutoLayout;
			sourceTree = "<group>";
		};
		42FF3E3F1C33775600045F36 /* Supporting Files */ = {
			isa = PBXGroup;
			children = (
				42FF3E401C33775600045F36 /* main.m */,
			);
			name = "Supporting Files";
			sourceTree = "<group>";
		};
/* End PBXGroup section */

/* Begin PBXNativeTarget section */
		42FF3E3B1C33775600045F36 /* GJRatioAutoLayout */ = {
			isa = PBXNativeTarget;
			buildConfigurationList = 42FF3E531C33775600045F36 /* Build configuration list for PBXNativeTarget "GJRatioAutoLayout" */;
			buildPhases = (
				42FF3E381C33775600045F36 /* Sources */,
				42FF3E391C33775600045F36 /* Frameworks */,
				42FF3E3A1C33775600045F36 /* Resources */,
			);
			buildRules = (
			);
			dependencies = (
			);
			name = GJRatioAutoLayout;
			productName = GJRatioAutoLayout;
			productReference = 42FF3E3C1C33775600045F36 /* GJRatioAutoLayout.app */;
			productType = "com.apple.product-type.application";
		};
/* End PBXNativeTarget section */

/* Begin PBXProject section */
		42FF3E341C33775600045F36 /* Project object */ = {
			isa = PBXProject;
			attributes = {
				LastUpgradeCheck = 0720;
				ORGANIZATIONNAME = wangyutao;
				TargetAttributes = {
					42FF3E3B1C33775600045F36 = {
						CreatedOnToolsVersion = 7.2;
					};
				};
			};
			buildConfigurationList = 42FF3E371C33775600045F36 /* Build configuration list for PBXProject "GJRatioAutoLayout" */;
			compatibilityVersion = "Xcode 3.2";
			developmentRegion = English;
			hasScannedForEncodings = 0;
			knownRegions = (
				en,
				Base,
			);
			mainGroup = 42FF3E331C33775600045F36;
			productRefGroup = 42FF3E3D1C33775600045F36 /* Products */;
			projectDirPath = "";
			projectRoot = "";
			targets = (
				42FF3E3B1C33775600045F36 /* GJRatioAutoLayout */,
			);
		};
/* End PBXProject section */

/* Begin PBXResourcesBuildPhase section */
		42FF3E3A1C33775600045F36 /* Resources */ = {
			isa = PBXResourcesBuildPhase;
			buildActionMask = 2147483647;
			files = (
				42FF3E4F1C33775600045F36 /* LaunchScreen.storyboard in Resources */,
				42FF3E5A1C33777400045F36 /* MainViewController.xib in Resources */,
				4210144C1C36E3B400ED3D2D /* 10.png in Resources */,
				42FF3E4C1C33775600045F36 /* Assets.xcassets in Resources */,
			);
			runOnlyForDeploymentPostprocessing = 0;
		};
/* End PBXResourcesBuildPhase section */

/* Begin PBXSourcesBuildPhase section */
		42FF3E381C33775600045F36 /* Sources */ = {
			isa = PBXSourcesBuildPhase;
			buildActionMask = 2147483647;
			files = (
				42FF3E5D1C3377DA00045F36 /* UIView+GJRatioAutoLayout.m in Sources */,
				42FF3E631C33780E00045F36 /* UILabel+GJRatioAutoLayout.m in Sources */,
				42FF3E441C33775600045F36 /* AppDelegate.m in Sources */,
				42FF3E591C33777400045F36 /* MainViewController.m in Sources */,
				42FF3E411C33775600045F36 /* main.m in Sources */,
			);
			runOnlyForDeploymentPostprocessing = 0;
		};
/* End PBXSourcesBuildPhase section */

/* Begin PBXVariantGroup section */
		42FF3E4D1C33775600045F36 /* LaunchScreen.storyboard */ = {
			isa = PBXVariantGroup;
			children = (
				42FF3E4E1C33775600045F36 /* Base */,
			);
			name = LaunchScreen.storyboard;
			sourceTree = "<group>";
		};
/* End PBXVariantGroup section */

/* Begin XCBuildConfiguration section */
		42FF3E511C33775600045F36 /* Debug */ = {
			isa = XCBuildConfiguration;
			buildSettings = {
				ALWAYS_SEARCH_USER_PATHS = NO;
				CLANG_CXX_LANGUAGE_STANDARD = "gnu++0x";
				CLANG_CXX_LIBRARY = "libc++";
				CLANG_ENABLE_MODULES = YES;
				CLANG_ENABLE_OBJC_ARC = YES;
				CLANG_WARN_BOOL_CONVERSION = YES;
				CLANG_WARN_CONSTANT_CONVERSION = YES;
				CLANG_WARN_DIRECT_OBJC_ISA_USAGE = YES_ERROR;
				CLANG_WARN_EMPTY_BODY = YES;
				CLANG_WARN_ENUM_CONVERSION = YES;
				CLANG_WARN_INT_CONVERSION = YES;
				CLANG_WARN_OBJC_ROOT_CLASS = YES_ERROR;
				CLANG_WARN_UNREACHABLE_CODE = YES;
				CLANG_WARN__DUPLICATE_METHOD_MATCH = YES;
				"CODE_SIGN_IDENTITY[sdk=iphoneos*]" = "iPhone Developer";
				COPY_PHASE_STRIP = NO;
				DEBUG_INFORMATION_FORMAT = dwarf;
				ENABLE_STRICT_OBJC_MSGSEND = YES;
				ENABLE_TESTABILITY = YES;
				GCC_C_LANGUAGE_STANDARD = gnu99;
				GCC_DYNAMIC_NO_PIC = NO;
				GCC_NO_COMMON_BLOCKS = YES;
				GCC_OPTIMIZATION_LEVEL = 0;
				GCC_PREPROCESSOR_DEFINITIONS = (
					"DEBUG=1",
					"$(inherited)",
				);
				GCC_WARN_64_TO_32_BIT_CONVERSION = YES;
				GCC_WARN_ABOUT_RETURN_TYPE = YES_ERROR;
				GCC_WARN_UNDECLARED_SELECTOR = YES;
				GCC_WARN_UNINITIALIZED_AUTOS = YES_AGGRESSIVE;
				GCC_WARN_UNUSED_FUNCTION = YES;
				GCC_WARN_UNUSED_VARIABLE = YES;
				IPHONEOS_DEPLOYMENT_TARGET = 9.2;
				MTL_ENABLE_DEBUG_INFO = YES;
				ONLY_ACTIVE_ARCH = YES;
				SDKROOT = iphoneos;
			};
			name = Debug;
		};
		42FF3E521C33775600045F36 /* Release */ = {
			isa = XCBuildConfiguration;
			buildSettings = {
				ALWAYS_SEARCH_USER_PATHS = NO;
				CLANG_CXX_LANGUAGE_STANDARD = "gnu++0x";
				CLANG_CXX_LIBRARY = "libc++";
				CLANG_ENABLE_MODULES = YES;
				CLANG_ENABLE_OBJC_ARC = YES;
				CLANG_WARN_BOOL_CONVERSION = YES;
				CLANG_WARN_CONSTANT_CONVERSION = YES;
				CLANG_WARN_DIRECT_OBJC_ISA_USAGE = YES_ERROR;
				CLANG_WARN_EMPTY_BODY = YES;
				CLANG_WARN_ENUM_CONVERSION = YES;
				CLANG_WARN_INT_CONVERSION = YES;
				CLANG_WARN_OBJC_ROOT_CLASS = YES_ERROR;
				CLANG_WARN_UNREACHABLE_CODE = YES;
				CLANG_WARN__DUPLICATE_METHOD_MATCH = YES;
				"CODE_SIGN_IDENTITY[sdk=iphoneos*]" = "iPhone Developer";
				COPY_PHASE_STRIP = NO;
				DEBUG_INFORMATION_FORMAT = "dwarf-with-dsym";
				ENABLE_NS_ASSERTIONS = NO;
				ENABLE_STRICT_OBJC_MSGSEND = YES;
				GCC_C_LANGUAGE_STANDARD = gnu99;
				GCC_NO_COMMON_BLOCKS = YES;
				GCC_WARN_64_TO_32_BIT_CONVERSION = YES;
				GCC_WARN_ABOUT_RETURN_TYPE = YES_ERROR;
				GCC_WARN_UNDECLARED_SELECTOR = YES;
				GCC_WARN_UNINITIALIZED_AUTOS = YES_AGGRESSIVE;
				GCC_WARN_UNUSED_FUNCTION = YES;
				GCC_WARN_UNUSED_VARIABLE = YES;
				IPHONEOS_DEPLOYMENT_TARGET = 9.2;
				MTL_ENABLE_DEBUG_INFO = NO;
				SDKROOT = iphoneos;
				VALIDATE_PRODUCT = YES;
			};
			name = Release;
		};
		42FF3E541C33775600045F36 /* Debug */ = {
			isa = XCBuildConfiguration;
			buildSettings = {
				ASSETCATALOG_COMPILER_APPICON_NAME = AppIcon;
				INFOPLIST_FILE = GJRatioAutoLayout/Info.plist;
				LD_RUNPATH_SEARCH_PATHS = "$(inherited) @executable_path/Frameworks";
				PRODUCT_BUNDLE_IDENTIFIER = com.liligo.GJRatioAutoLayout;
				PRODUCT_NAME = "$(TARGET_NAME)";
			};
			name = Debug;
		};
		42FF3E551C33775600045F36 /* Release */ = {
			isa = XCBuildConfiguration;
			buildSettings = {
				ASSETCATALOG_COMPILER_APPICON_NAME = AppIcon;
				INFOPLIST_FILE = GJRatioAutoLayout/Info.plist;
				LD_RUNPATH_SEARCH_PATHS = "$(inherited) @executable_path/Frameworks";
				PRODUCT_BUNDLE_IDENTIFIER = com.liligo.GJRatioAutoLayout;
				PRODUCT_NAME = "$(TARGET_NAME)";
			};
			name = Release;
		};
/* End XCBuildConfiguration section */

/* Begin XCConfigurationList section */
		42FF3E371C33775600045F36 /* Build configuration list for PBXProject "GJRatioAutoLayout" */ = {
			isa = XCConfigurationList;
			buildConfigurations = (
				42FF3E511C33775600045F36 /* Debug */,
				42FF3E521C33775600045F36 /* Release */,
			);
			defaultConfigurationIsVisible = 0;
			defaultConfigurationName = Release;
		};
		42FF3E531C33775600045F36 /* Build configuration list for PBXNativeTarget "GJRatioAutoLayout" */ = {
			isa = XCConfigurationList;
			buildConfigurations = (
				42FF3E541C33775600045F36 /* Debug */,
				42FF3E551C33775600045F36 /* Release */,
			);
			defaultConfigurationIsVisible = 0;
			defaultConfigurationName = Release;
		};
/* End XCConfigurationList section */
	};
	rootObject = 42FF3E341C33775600045F36 /* Project object */;
}
